<?xml version="1.0" encoding="UTF-8" standalone="yes" ?>
<CodeBlocks_project_file>
	<FileVersion major="1" minor="6" />
	<Project>
		<Option title="monkey" />
		<Option pch_mode="2" />
		<Option compiler="gcc" />
		<Build>
			<Target title="Debug">
				<Option output="bin/Debug/monkey" prefix_auto="1" extension_auto="1" />
				<Option object_output="obj/Debug/" />
				<Option type="1" />
				<Option compiler="gcc" />
				<Compiler>
					<Add option="-g" />
				</Compiler>
			</Target>
			<Target title="Release">
				<Option output="bin/Release/monkey" prefix_auto="1" extension_auto="1" />
				<Option object_output="obj/Release/" />
				<Option type="1" />
				<Option compiler="gcc" />
				<Compiler>
					<Add option="-O2" />
				</Compiler>
				<Linker>
					<Add option="-s" />
				</Linker>
			</Target>
		</Build>
		<Compiler>
			<Add option="-Wall" />
		</Compiler>
		<Unit filename="btree/btree.c">
			<Option compilerVar="CC" />
		</Unit>
		<Unit filename="btree/btree.h">
			<Option target="&lt;{~None~}&gt;" />
		</Unit>
		<Unit filename="console.c">
			<Option compilerVar="CC" />
		</Unit>
		<Unit filename="core.c">
			<Option compilerVar="CC" />
		</Unit>
		<Unit filename="core.h">
			<Option target="&lt;{~None~}&gt;" />
		</Unit>
		<Unit filename="storage/link.h">
			<Option target="&lt;{~None~}&gt;" />
		</Unit>
		<Unit filename="storage/minheap" />
		<Unit filename="storage/minheap.h">
			<Option target="&lt;{~None~}&gt;" />
		</Unit>
		<Unit filename="storage/storage.c">
			<Option compilerVar="CC" />
		</Unit>
		<Unit filename="storage/storage.h">
			<Option target="&lt;{~None~}&gt;" />
		</Unit>
		<Extensions>
			<code_completion />
			<debugger />
		</Extensions>
	</Project>
</CodeBlocks_project_file>
